Microsoft Visual Studio Solution File, Format Version 12.00
# Visual Studio Version 17
VisualStudioVersion = 17.5.2.0
MinimumVisualStudioVersion = 10.0.40219.1
Project("{FAE04EC0-301F-11D3-BF4B-00C04F79EFBC}") = "ProjetoConsultasEF", "ProjetoConsultasEF.csproj", "{B79346B6-8B04-3593-9E13-29841C16A79F}"
EndProject
Global
	GlobalSection(SolutionConfigurationPlatforms) = preSolution
		Debug|Any CPU = Debug|Any CPU
		Release|Any CPU = Release|Any CPU
	EndGlobalSection
	GlobalSection(ProjectConfigurationPlatforms) = postSolution
		{B79346B6-8B04-3593-9E13-29841C16A79F}.Debug|Any CPU.ActiveCfg = Debug|Any CPU
		{B79346B6-8B04-3593-9E13-29841C16A79F}.Debug|Any CPU.Build.0 = Debug|Any CPU
		{B79346B6-8B04-3593-9E13-29841C16A79F}.Release|Any CPU.ActiveCfg = Release|Any CPU
		{B79346B6-8B04-3593-9E13-29841C16A79F}.Release|Any CPU.Build.0 = Release|Any CPU
	EndGlobalSection
	GlobalSection(SolutionProperties) = preSolution
		HideSolutionNode = FALSE
	EndGlobalSection
	GlobalSection(ExtensibilityGlobals) = postSolution
		SolutionGuid = {FC3D69E6-E153-4199-8A4B-F558896BBF8C}
	EndGlobalSection
EndGlobal
